
Microsoft Visual Studio Solution File, Format Version 12.00
# Visual Studio 2015
Project("{FAE04EC0-301F-11D3-BF4B-00C04F79EFBC}") = "Third Person Shooter Redux Beta.CSharp", "Third Person Shooter Redux Beta.CSharp.csproj", "{579627AD-B5BA-897B-A2F4-E844EC5330DA}"
EndProject
Global
	GlobalSection(SolutionConfigurationPlatforms) = preSolution
		Debug|Any CPU = Debug|Any CPU
		Release|Any CPU = Release|Any CPU
	EndGlobalSection
	GlobalSection(ProjectConfigurationPlatforms) = postSolution
		{579627AD-B5BA-897B-A2F4-E844EC5330DA}.Debug|Any CPU.ActiveCfg = Debug|Any CPU
		{579627AD-B5BA-897B-A2F4-E844EC5330DA}.Debug|Any CPU.Build.0 = Debug|Any CPU
		{579627AD-B5BA-897B-A2F4-E844EC5330DA}.Release|Any CPU.ActiveCfg = Release|Any CPU
		{579627AD-B5BA-897B-A2F4-E844EC5330DA}.Release|Any CPU.Build.0 = Release|Any CPU
	EndGlobalSection
	GlobalSection(SolutionProperties) = preSolution
		HideSolutionNode = FALSE
	EndGlobalSection
EndGlobal
